// !$*UTF8*$!
{
	archiveVersion = 1;
	classes = {
	};
	objectVersion = 51;
	objects = {

/* Begin PBXBuildFile section */
		0E28A8502398A67400F7DBED /* CustomView.swift in Sources */ = {isa = PBXBuildFile; fileRef = 0E28A84D2398A67400F7DBED /* CustomView.swift */; };
		0E28A8512398A67400F7DBED /* StringExtension.swift in Sources */ = {isa = PBXBuildFile; fileRef = 0E28A84E2398A67400F7DBED /* StringExtension.swift */; };
		0E28A85F2398A7B700F7DBED /* BudgetMainViewController.swift in Sources */ = {isa = PBXBuildFile; fileRef = 0E28A85C2398A7B700F7DBED /* BudgetMainViewController.swift */; };
		0E28A8602398A7B700F7DBED /* Budget.storyboard in Resources */ = {isa = PBXBuildFile; fileRef = 0E28A85D2398A7B700F7DBED /* Budget.storyboard */; };
		0E28A8612398A7B700F7DBED /* CustomProgressView.swift in Sources */ = {isa = PBXBuildFile; fileRef = 0E28A85E2398A7B700F7DBED /* CustomProgressView.swift */; };
		0E62371123E9554200C8F9C0 /* BillViewController.swift in Sources */ = {isa = PBXBuildFile; fileRef = 0E62370323E9554200C8F9C0 /* BillViewController.swift */; };
		0E62371223E9554200C8F9C0 /* ItemCellTableViewCell.swift in Sources */ = {isa = PBXBuildFile; fileRef = 0E62370423E9554200C8F9C0 /* ItemCellTableViewCell.swift */; };
		0E62371323E9554200C8F9C0 /* BillSplit.storyboard in Resources */ = {isa = PBXBuildFile; fileRef = 0E62370523E9554200C8F9C0 /* BillSplit.storyboard */; };
		0E62371423E9554200C8F9C0 /* ContactsViewController.swift in Sources */ = {isa = PBXBuildFile; fileRef = 0E62370623E9554200C8F9C0 /* ContactsViewController.swift */; };
		0E62371523E9554200C8F9C0 /* BillSplitView.xib in Resources */ = {isa = PBXBuildFile; fileRef = 0E62370723E9554200C8F9C0 /* BillSplitView.xib */; };
		0E62371623E9554200C8F9C0 /* BillTextViewController.swift in Sources */ = {isa = PBXBuildFile; fileRef = 0E62370823E9554200C8F9C0 /* BillTextViewController.swift */; };
		0E62371723E9554200C8F9C0 /* ContactsTableViewCell.swift in Sources */ = {isa = PBXBuildFile; fileRef = 0E62370923E9554200C8F9C0 /* ContactsTableViewCell.swift */; };
		0E62371823E9554200C8F9C0 /* ProductCellTableViewCell.swift in Sources */ = {isa = PBXBuildFile; fileRef = 0E62370A23E9554200C8F9C0 /* ProductCellTableViewCell.swift */; };
		0E62371923E9554200C8F9C0 /* Line.swift in Sources */ = {isa = PBXBuildFile; fileRef = 0E62370B23E9554200C8F9C0 /* Line.swift */; };
		0E62371A23E9554200C8F9C0 /* BillProductsViewController.swift in Sources */ = {isa = PBXBuildFile; fileRef = 0E62370C23E9554200C8F9C0 /* BillProductsViewController.swift */; };
		0E62371B23E9554200C8F9C0 /* PeopleViewController.swift in Sources */ = {isa = PBXBuildFile; fileRef = 0E62370D23E9554200C8F9C0 /* PeopleViewController.swift */; };
		0E62371C23E9554200C8F9C0 /* DetailsViewController.swift in Sources */ = {isa = PBXBuildFile; fileRef = 0E62370E23E9554200C8F9C0 /* DetailsViewController.swift */; };
		0E62371D23E9554200C8F9C0 /* BillSplitViewController.swift in Sources */ = {isa = PBXBuildFile; fileRef = 0E62370F23E9554200C8F9C0 /* BillSplitViewController.swift */; };
		0E62371E23E9554200C8F9C0 /* SelectPayViewController.swift in Sources */ = {isa = PBXBuildFile; fileRef = 0E62371023E9554200C8F9C0 /* SelectPayViewController.swift */; };
		0EA122B523CF7FF200F79724 /* ViewExpViewController.swift in Sources */ = {isa = PBXBuildFile; fileRef = 0EA122B323CF7FF200F79724 /* ViewExpViewController.swift */; };
		0EA122B623CF7FF200F79724 /* AddExpViewController.swift in Sources */ = {isa = PBXBuildFile; fileRef = 0EA122B423CF7FF200F79724 /* AddExpViewController.swift */; };
		0EA122BC23CF811600F79724 /* UIView+Extensions.swift in Sources */ = {isa = PBXBuildFile; fileRef = 0EA122BB23CF811600F79724 /* UIView+Extensions.swift */; };
		511580B923A8842800F006F3 /* HomePageViewController.swift in Sources */ = {isa = PBXBuildFile; fileRef = 511580B823A8842800F006F3 /* HomePageViewController.swift */; };
		51170C6923E9503500396AC7 /* SavingInfoViewController.swift in Sources */ = {isa = PBXBuildFile; fileRef = 51170C6123E9503400396AC7 /* SavingInfoViewController.swift */; };
		51170C6A23E9503500396AC7 /* SavingHistoryViewController.swift in Sources */ = {isa = PBXBuildFile; fileRef = 51170C6223E9503400396AC7 /* SavingHistoryViewController.swift */; };
		51170C6B23E9503500396AC7 /* SavingInputViewController.swift in Sources */ = {isa = PBXBuildFile; fileRef = 51170C6323E9503400396AC7 /* SavingInputViewController.swift */; };
		51170C6C23E9503500396AC7 /* SavingPickerViewController.swift in Sources */ = {isa = PBXBuildFile; fileRef = 51170C6423E9503400396AC7 /* SavingPickerViewController.swift */; };
		51170C6D23E9503500396AC7 /* Saving.storyboard in Resources */ = {isa = PBXBuildFile; fileRef = 51170C6523E9503400396AC7 /* Saving.storyboard */; };
		51170C6E23E9503500396AC7 /* SavingSummaryViewController.swift in Sources */ = {isa = PBXBuildFile; fileRef = 51170C6623E9503400396AC7 /* SavingSummaryViewController.swift */; };
		51170C6F23E9503500396AC7 /* SavingConfirmViewController.swift in Sources */ = {isa = PBXBuildFile; fileRef = 51170C6723E9503400396AC7 /* SavingConfirmViewController.swift */; };
		51170C7023E9503500396AC7 /* SavingHistory.swift in Sources */ = {isa = PBXBuildFile; fileRef = 51170C6823E9503400396AC7 /* SavingHistory.swift */; };
		51170C7523E9503C00396AC7 /* ChatbotViewController.swift in Sources */ = {isa = PBXBuildFile; fileRef = 51170C7223E9503C00396AC7 /* ChatbotViewController.swift */; };
		51170C7623E9503C00396AC7 /* MessageUI.swift in Sources */ = {isa = PBXBuildFile; fileRef = 51170C7323E9503C00396AC7 /* MessageUI.swift */; };
		51170C7723E9503C00396AC7 /* Chatbot.storyboard in Resources */ = {isa = PBXBuildFile; fileRef = 51170C7423E9503C00396AC7 /* Chatbot.storyboard */; };
		511A79AE23A3297A000745E4 /* SignPainter HouseScript Regular.ttf in Resources */ = {isa = PBXBuildFile; fileRef = 511A79AD23A3297A000745E4 /* SignPainter HouseScript Regular.ttf */; };
		511A79B223A32D64000745E4 /* LaunchScreen.storyboard in Resources */ = {isa = PBXBuildFile; fileRef = 511A79B123A32D64000745E4 /* LaunchScreen.storyboard */; };
		5127488C239636D50006B33F /* Terms_ConditionsViewController.swift in Sources */ = {isa = PBXBuildFile; fileRef = 5127488B239636D50006B33F /* Terms_ConditionsViewController.swift */; };
		51297C372398A0B6003F913F /* OTPViewController.swift in Sources */ = {isa = PBXBuildFile; fileRef = 51297C362398A0B6003F913F /* OTPViewController.swift */; };
		51301BCB23C3195700134ED5 /* CreateProfilePageViewController.swift in Sources */ = {isa = PBXBuildFile; fileRef = 51301BCA23C3195700134ED5 /* CreateProfilePageViewController.swift */; };
		5130FD7E23AB5DDB00C7F587 /* GoogleService-Info.plist in Resources */ = {isa = PBXBuildFile; fileRef = 5130FD7D23AB5DDB00C7F587 /* GoogleService-Info.plist */; };
		513574A623CEE37E00135886 /* topUpViewController.swift in Sources */ = {isa = PBXBuildFile; fileRef = 513574A523CEE37E00135886 /* topUpViewController.swift */; };
		513574AA23CEE8E600135886 /* NFSViewController.swift in Sources */ = {isa = PBXBuildFile; fileRef = 513574A923CEE8E600135886 /* NFSViewController.swift */; };
		5146CAAD23E3E79C002C34E5 /* ExchangeViewController.swift in Sources */ = {isa = PBXBuildFile; fileRef = 5146CAAC23E3E79C002C34E5 /* ExchangeViewController.swift */; };
		5183AE5F23D0236A00B045EA /* Expense.swift in Sources */ = {isa = PBXBuildFile; fileRef = 5183AE5E23D0236A00B045EA /* Expense.swift */; };
		5186E44323CDB393001ED3A4 /* TransferViewController.swift in Sources */ = {isa = PBXBuildFile; fileRef = 5186E44223CDB393001ED3A4 /* TransferViewController.swift */; };
		5197EFFF238F62D2005BC7F0 /* AppDelegate.swift in Sources */ = {isa = PBXBuildFile; fileRef = 5197EFFE238F62D2005BC7F0 /* AppDelegate.swift */; };
		5197F004238F62D2005BC7F0 /* Main.storyboard in Resources */ = {isa = PBXBuildFile; fileRef = 5197F002238F62D2005BC7F0 /* Main.storyboard */; };
		5197F009238F62D3005BC7F0 /* Assets.xcassets in Resources */ = {isa = PBXBuildFile; fileRef = 5197F008238F62D3005BC7F0 /* Assets.xcassets */; };
		5197F032238F67CA005BC7F0 /* LoginViewController.swift in Sources */ = {isa = PBXBuildFile; fileRef = 5197F031238F67CA005BC7F0 /* LoginViewController.swift */; };
		6CC11EFABD9A2890C33B12AE /* Pods_Plutus_PlutusUITests.framework in Frameworks */ = {isa = PBXBuildFile; fileRef = 08F0A3AE4C82B7FE41828F61 /* Pods_Plutus_PlutusUITests.framework */; };
		7DBBAEC5C484F1BA4426E5ED /* Pods_Plutus.framework in Frameworks */ = {isa = PBXBuildFile; fileRef = A7CFFF28767EFD860DA6DA28 /* Pods_Plutus.framework */; settings = {ATTRIBUTES = (Weak, ); }; };
		B6D313C45DD86DA1790EBAB8 /* Pods_PlutusTests.framework in Frameworks */ = {isa = PBXBuildFile; fileRef = F73885A222FE777EAB5A0289 /* Pods_PlutusTests.framework */; };
/* End PBXBuildFile section */

/* Begin PBXContainerItemProxy section */
		5197F013238F62D3005BC7F0 /* PBXContainerItemProxy */ = {
			isa = PBXContainerItemProxy;
			containerPortal = 5197EFF3238F62D2005BC7F0 /* Project object */;
			proxyType = 1;
			remoteGlobalIDString = 5197EFFA238F62D2005BC7F0;
			remoteInfo = Plutus;
		};
		5197F01E238F62D3005BC7F0 /* PBXContainerItemProxy */ = {
			isa = PBXContainerItemProxy;
			containerPortal = 5197EFF3238F62D2005BC7F0 /* Project object */;
			proxyType = 1;
			remoteGlobalIDString = 5197EFFA238F62D2005BC7F0;
			remoteInfo = Plutus;
		};
/* End PBXContainerItemProxy section */

/* Begin PBXFileReference section */
		05451B9F22DDA319D82DA9C9 /* Pods-Plutus-PlutusUITests.release.xcconfig */ = {isa = PBXFileReference; includeInIndex = 1; lastKnownFileType = text.xcconfig; name = "Pods-Plutus-PlutusUITests.release.xcconfig"; path = "Target Support Files/Pods-Plutus-PlutusUITests/Pods-Plutus-PlutusUITests.release.xcconfig"; sourceTree = "<group>"; };
		08F0A3AE4C82B7FE41828F61 /* Pods_Plutus_PlutusUITests.framework */ = {isa = PBXFileReference; explicitFileType = wrapper.framework; includeInIndex = 0; path = Pods_Plutus_PlutusUITests.framework; sourceTree = BUILT_PRODUCTS_DIR; };
		0E28A84D2398A67400F7DBED /* CustomView.swift */ = {isa = PBXFileReference; fileEncoding = 4; lastKnownFileType = sourcecode.swift; path = CustomView.swift; sourceTree = "<group>"; };
		0E28A84E2398A67400F7DBED /* StringExtension.swift */ = {isa = PBXFileReference; fileEncoding = 4; lastKnownFileType = sourcecode.swift; path = StringExtension.swift; sourceTree = "<group>"; };
		0E28A85C2398A7B700F7DBED /* BudgetMainViewController.swift */ = {isa = PBXFileReference; fileEncoding = 4; lastKnownFileType = sourcecode.swift; path = BudgetMainViewController.swift; sourceTree = "<group>"; };
		0E28A85D2398A7B700F7DBED /* Budget.storyboard */ = {isa = PBXFileReference; fileEncoding = 4; lastKnownFileType = file.storyboard; path = Budget.storyboard; sourceTree = "<group>"; };
		0E28A85E2398A7B700F7DBED /* CustomProgressView.swift */ = {isa = PBXFileReference; fileEncoding = 4; lastKnownFileType = sourcecode.swift; path = CustomProgressView.swift; sourceTree = "<group>"; };
		0E62370323E9554200C8F9C0 /* BillViewController.swift */ = {isa = PBXFileReference; fileEncoding = 4; lastKnownFileType = sourcecode.swift; path = BillViewController.swift; sourceTree = "<group>"; };
		0E62370423E9554200C8F9C0 /* ItemCellTableViewCell.swift */ = {isa = PBXFileReference; fileEncoding = 4; lastKnownFileType = sourcecode.swift; path = ItemCellTableViewCell.swift; sourceTree = "<group>"; };
		0E62370523E9554200C8F9C0 /* BillSplit.storyboard */ = {isa = PBXFileReference; fileEncoding = 4; lastKnownFileType = file.storyboard; path = BillSplit.storyboard; sourceTree = "<group>"; };
		0E62370623E9554200C8F9C0 /* ContactsViewController.swift */ = {isa = PBXFileReference; fileEncoding = 4; lastKnownFileType = sourcecode.swift; path = ContactsViewController.swift; sourceTree = "<group>"; };
		0E62370723E9554200C8F9C0 /* BillSplitView.xib */ = {isa = PBXFileReference; fileEncoding = 4; lastKnownFileType = file.xib; path = BillSplitView.xib; sourceTree = "<group>"; };
		0E62370823E9554200C8F9C0 /* BillTextViewController.swift */ = {isa = PBXFileReference; fileEncoding = 4; lastKnownFileType = sourcecode.swift; path = BillTextViewController.swift; sourceTree = "<group>"; };
		0E62370923E9554200C8F9C0 /* ContactsTableViewCell.swift */ = {isa = PBXFileReference; fileEncoding = 4; lastKnownFileType = sourcecode.swift; path = ContactsTableViewCell.swift; sourceTree = "<group>"; };
		0E62370A23E9554200C8F9C0 /* ProductCellTableViewCell.swift */ = {isa = PBXFileReference; fileEncoding = 4; lastKnownFileType = sourcecode.swift; path = ProductCellTableViewCell.swift; sourceTree = "<group>"; };
		0E62370B23E9554200C8F9C0 /* Line.swift */ = {isa = PBXFileReference; fileEncoding = 4; lastKnownFileType = sourcecode.swift; path = Line.swift; sourceTree = "<group>"; };
		0E62370C23E9554200C8F9C0 /* BillProductsViewController.swift */ = {isa = PBXFileReference; fileEncoding = 4; lastKnownFileType = sourcecode.swift; path = BillProductsViewController.swift; sourceTree = "<group>"; };
		0E62370D23E9554200C8F9C0 /* PeopleViewController.swift */ = {isa = PBXFileReference; fileEncoding = 4; lastKnownFileType = sourcecode.swift; path = PeopleViewController.swift; sourceTree = "<group>"; };
		0E62370E23E9554200C8F9C0 /* DetailsViewController.swift */ = {isa = PBXFileReference; fileEncoding = 4; lastKnownFileType = sourcecode.swift; path = DetailsViewController.swift; sourceTree = "<group>"; };
		0E62370F23E9554200C8F9C0 /* BillSplitViewController.swift */ = {isa = PBXFileReference; fileEncoding = 4; lastKnownFileType = sourcecode.swift; path = BillSplitViewController.swift; sourceTree = "<group>"; };
		0E62371023E9554200C8F9C0 /* SelectPayViewController.swift */ = {isa = PBXFileReference; fileEncoding = 4; lastKnownFileType = sourcecode.swift; path = SelectPayViewController.swift; sourceTree = "<group>"; };
		0EA122B323CF7FF200F79724 /* ViewExpViewController.swift */ = {isa = PBXFileReference; fileEncoding = 4; lastKnownFileType = sourcecode.swift; path = ViewExpViewController.swift; sourceTree = "<group>"; };
		0EA122B423CF7FF200F79724 /* AddExpViewController.swift */ = {isa = PBXFileReference; fileEncoding = 4; lastKnownFileType = sourcecode.swift; path = AddExpViewController.swift; sourceTree = "<group>"; };
		0EA122BB23CF811600F79724 /* UIView+Extensions.swift */ = {isa = PBXFileReference; fileEncoding = 4; lastKnownFileType = sourcecode.swift; name = "UIView+Extensions.swift"; path = "Extensions/UIView+Extensions.swift"; sourceTree = "<group>"; };
		27D0C5F3B22A2E7139A57F12 /* Pods-Plutus.debug.xcconfig */ = {isa = PBXFileReference; includeInIndex = 1; lastKnownFileType = text.xcconfig; name = "Pods-Plutus.debug.xcconfig"; path = "Target Support Files/Pods-Plutus/Pods-Plutus.debug.xcconfig"; sourceTree = "<group>"; };
		2955F25C7FB0F951BDC4B618 /* Pods-PlutusTests.debug.xcconfig */ = {isa = PBXFileReference; includeInIndex = 1; lastKnownFileType = text.xcconfig; name = "Pods-PlutusTests.debug.xcconfig"; path = "Target Support Files/Pods-PlutusTests/Pods-PlutusTests.debug.xcconfig"; sourceTree = "<group>"; };
		511580B823A8842800F006F3 /* HomePageViewController.swift */ = {isa = PBXFileReference; lastKnownFileType = sourcecode.swift; path = HomePageViewController.swift; sourceTree = "<group>"; };
		51170C6123E9503400396AC7 /* SavingInfoViewController.swift */ = {isa = PBXFileReference; fileEncoding = 4; lastKnownFileType = sourcecode.swift; path = SavingInfoViewController.swift; sourceTree = "<group>"; };
		51170C6223E9503400396AC7 /* SavingHistoryViewController.swift */ = {isa = PBXFileReference; fileEncoding = 4; lastKnownFileType = sourcecode.swift; path = SavingHistoryViewController.swift; sourceTree = "<group>"; };
		51170C6323E9503400396AC7 /* SavingInputViewController.swift */ = {isa = PBXFileReference; fileEncoding = 4; lastKnownFileType = sourcecode.swift; path = SavingInputViewController.swift; sourceTree = "<group>"; };
		51170C6423E9503400396AC7 /* SavingPickerViewController.swift */ = {isa = PBXFileReference; fileEncoding = 4; lastKnownFileType = sourcecode.swift; path = SavingPickerViewController.swift; sourceTree = "<group>"; };
		51170C6523E9503400396AC7 /* Saving.storyboard */ = {isa = PBXFileReference; fileEncoding = 4; lastKnownFileType = file.storyboard; path = Saving.storyboard; sourceTree = "<group>"; };
		51170C6623E9503400396AC7 /* SavingSummaryViewController.swift */ = {isa = PBXFileReference; fileEncoding = 4; lastKnownFileType = sourcecode.swift; path = SavingSummaryViewController.swift; sourceTree = "<group>"; };
		51170C6723E9503400396AC7 /* SavingConfirmViewController.swift */ = {isa = PBXFileReference; fileEncoding = 4; lastKnownFileType = sourcecode.swift; path = SavingConfirmViewController.swift; sourceTree = "<group>"; };
		51170C6823E9503400396AC7 /* SavingHistory.swift */ = {isa = PBXFileReference; fileEncoding = 4; lastKnownFileType = sourcecode.swift; path = SavingHistory.swift; sourceTree = "<group>"; };
		51170C7223E9503C00396AC7 /* ChatbotViewController.swift */ = {isa = PBXFileReference; fileEncoding = 4; lastKnownFileType = sourcecode.swift; path = ChatbotViewController.swift; sourceTree = "<group>"; };
		51170C7323E9503C00396AC7 /* MessageUI.swift */ = {isa = PBXFileReference; fileEncoding = 4; lastKnownFileType = sourcecode.swift; path = MessageUI.swift; sourceTree = "<group>"; };
		51170C7423E9503C00396AC7 /* Chatbot.storyboard */ = {isa = PBXFileReference; fileEncoding = 4; lastKnownFileType = file.storyboard; path = Chatbot.storyboard; sourceTree = "<group>"; };
		511A79AD23A3297A000745E4 /* SignPainter HouseScript Regular.ttf */ = {isa = PBXFileReference; lastKnownFileType = file; path = "SignPainter HouseScript Regular.ttf"; sourceTree = "<group>"; };
		511A79B123A32D64000745E4 /* LaunchScreen.storyboard */ = {isa = PBXFileReference; lastKnownFileType = file.storyboard; path = LaunchScreen.storyboard; sourceTree = "<group>"; };
		5122672B2390CA650021495D /* PlutusTests.xctest */ = {isa = PBXFileReference; explicitFileType = wrapper.cfbundle; includeInIndex = 0; path = PlutusTests.xctest; sourceTree = BUILT_PRODUCTS_DIR; };
		5122672C2390CA650021495D /* PlutusUITests.xctest */ = {isa = PBXFileReference; explicitFileType = wrapper.cfbundle; includeInIndex = 0; path = PlutusUITests.xctest; sourceTree = BUILT_PRODUCTS_DIR; };
		5127488B239636D50006B33F /* Terms_ConditionsViewController.swift */ = {isa = PBXFileReference; lastKnownFileType = sourcecode.swift; path = Terms_ConditionsViewController.swift; sourceTree = "<group>"; };
		51297C362398A0B6003F913F /* OTPViewController.swift */ = {isa = PBXFileReference; lastKnownFileType = sourcecode.swift; path = OTPViewController.swift; sourceTree = "<group>"; };
		51301BCA23C3195700134ED5 /* CreateProfilePageViewController.swift */ = {isa = PBXFileReference; lastKnownFileType = sourcecode.swift; path = CreateProfilePageViewController.swift; sourceTree = "<group>"; };
		5130FD7D23AB5DDB00C7F587 /* GoogleService-Info.plist */ = {isa = PBXFileReference; fileEncoding = 4; lastKnownFileType = text.plist.xml; path = "GoogleService-Info.plist"; sourceTree = "<group>"; };
		513574A523CEE37E00135886 /* topUpViewController.swift */ = {isa = PBXFileReference; lastKnownFileType = sourcecode.swift; path = topUpViewController.swift; sourceTree = "<group>"; };
		513574A723CEE8DC00135886 /* QRViewController.swift */ = {isa = PBXFileReference; lastKnownFileType = sourcecode.swift; path = QRViewController.swift; sourceTree = "<group>"; };
		513574A923CEE8E600135886 /* NFSViewController.swift */ = {isa = PBXFileReference; lastKnownFileType = sourcecode.swift; path = NFSViewController.swift; sourceTree = "<group>"; };
		514103D3238F771F006178D0 /* Plutus.app */ = {isa = PBXFileReference; explicitFileType = wrapper.application; includeInIndex = 0; path = Plutus.app; sourceTree = BUILT_PRODUCTS_DIR; };
		5146CAAC23E3E79C002C34E5 /* ExchangeViewController.swift */ = {isa = PBXFileReference; lastKnownFileType = sourcecode.swift; path = ExchangeViewController.swift; sourceTree = "<group>"; };
		5183AE5E23D0236A00B045EA /* Expense.swift */ = {isa = PBXFileReference; lastKnownFileType = sourcecode.swift; path = Expense.swift; sourceTree = "<group>"; };
		5186E44223CDB393001ED3A4 /* TransferViewController.swift */ = {isa = PBXFileReference; lastKnownFileType = sourcecode.swift; path = TransferViewController.swift; sourceTree = "<group>"; };
		5197EFFE238F62D2005BC7F0 /* AppDelegate.swift */ = {isa = PBXFileReference; lastKnownFileType = sourcecode.swift; path = AppDelegate.swift; sourceTree = "<group>"; };
		5197F003238F62D2005BC7F0 /* Base */ = {isa = PBXFileReference; lastKnownFileType = file.storyboard; name = Base; path = Base.lproj/Main.storyboard; sourceTree = "<group>"; };
		5197F008238F62D3005BC7F0 /* Assets.xcassets */ = {isa = PBXFileReference; lastKnownFileType = folder.assetcatalog; name = Assets.xcassets; path = Plutus/Assets.xcassets; sourceTree = SOURCE_ROOT; };
		5197F00D238F62D3005BC7F0 /* Info.plist */ = {isa = PBXFileReference; lastKnownFileType = text.plist.xml; path = Info.plist; sourceTree = "<group>"; };
		5197F031238F67CA005BC7F0 /* LoginViewController.swift */ = {isa = PBXFileReference; lastKnownFileType = sourcecode.swift; path = LoginViewController.swift; sourceTree = "<group>"; };
		6408B02D8659F1BCCB737E87 /* Pods-Plutus-PlutusUITests.debug.xcconfig */ = {isa = PBXFileReference; includeInIndex = 1; lastKnownFileType = text.xcconfig; name = "Pods-Plutus-PlutusUITests.debug.xcconfig"; path = "Target Support Files/Pods-Plutus-PlutusUITests/Pods-Plutus-PlutusUITests.debug.xcconfig"; sourceTree = "<group>"; };
		A7CFFF28767EFD860DA6DA28 /* Pods_Plutus.framework */ = {isa = PBXFileReference; explicitFileType = wrapper.framework; includeInIndex = 0; path = Pods_Plutus.framework; sourceTree = BUILT_PRODUCTS_DIR; };
		E15075571F34BCD95B8E243D /* Pods-PlutusTests.release.xcconfig */ = {isa = PBXFileReference; includeInIndex = 1; lastKnownFileType = text.xcconfig; name = "Pods-PlutusTests.release.xcconfig"; path = "Target Support Files/Pods-PlutusTests/Pods-PlutusTests.release.xcconfig"; sourceTree = "<group>"; };
		F73885A222FE777EAB5A0289 /* Pods_PlutusTests.framework */ = {isa = PBXFileReference; explicitFileType = wrapper.framework; includeInIndex = 0; path = Pods_PlutusTests.framework; sourceTree = BUILT_PRODUCTS_DIR; };
		F8E2C2095EFD85406E535088 /* Pods-Plutus.release.xcconfig */ = {isa = PBXFileReference; includeInIndex = 1; lastKnownFileType = text.xcconfig; name = "Pods-Plutus.release.xcconfig"; path = "Target Support Files/Pods-Plutus/Pods-Plutus.release.xcconfig"; sourceTree = "<group>"; };
/* End PBXFileReference section */

/* Begin PBXFrameworksBuildPhase section */
		5197EFF8238F62D2005BC7F0 /* Frameworks */ = {
			isa = PBXFrameworksBuildPhase;
			buildActionMask = 2147483647;
			files = (
				7DBBAEC5C484F1BA4426E5ED /* Pods_Plutus.framework in Frameworks */,
			);
			runOnlyForDeploymentPostprocessing = 0;
		};
		5197F00F238F62D3005BC7F0 /* Frameworks */ = {
			isa = PBXFrameworksBuildPhase;
			buildActionMask = 2147483647;
			files = (
				B6D313C45DD86DA1790EBAB8 /* Pods_PlutusTests.framework in Frameworks */,
			);
			runOnlyForDeploymentPostprocessing = 0;
		};
		5197F01A238F62D3005BC7F0 /* Frameworks */ = {
			isa = PBXFrameworksBuildPhase;
			buildActionMask = 2147483647;
			files = (
				6CC11EFABD9A2890C33B12AE /* Pods_Plutus_PlutusUITests.framework in Frameworks */,
			);
			runOnlyForDeploymentPostprocessing = 0;
		};
/* End PBXFrameworksBuildPhase section */

/* Begin PBXGroup section */
		0E28A8532398A73300F7DBED /* Budgeting */ = {
			isa = PBXGroup;
			children = (
				0EA122B423CF7FF200F79724 /* AddExpViewController.swift */,
				0EA122B323CF7FF200F79724 /* ViewExpViewController.swift */,
				0E28A85D2398A7B700F7DBED /* Budget.storyboard */,
				0E28A85C2398A7B700F7DBED /* BudgetMainViewController.swift */,
				0E28A85E2398A7B700F7DBED /* CustomProgressView.swift */,
				5183AE5E23D0236A00B045EA /* Expense.swift */,
			);
			path = Budgeting;
			sourceTree = "<group>";
		};
		0E62370223E9554200C8F9C0 /* BillSplit */ = {
			isa = PBXGroup;
			children = (
				0E62370323E9554200C8F9C0 /* BillViewController.swift */,
				0E62370423E9554200C8F9C0 /* ItemCellTableViewCell.swift */,
				0E62370523E9554200C8F9C0 /* BillSplit.storyboard */,
				0E62370623E9554200C8F9C0 /* ContactsViewController.swift */,
				0E62370723E9554200C8F9C0 /* BillSplitView.xib */,
				0E62370823E9554200C8F9C0 /* BillTextViewController.swift */,
				0E62370923E9554200C8F9C0 /* ContactsTableViewCell.swift */,
				0E62370A23E9554200C8F9C0 /* ProductCellTableViewCell.swift */,
				0E62370B23E9554200C8F9C0 /* Line.swift */,
				0E62370C23E9554200C8F9C0 /* BillProductsViewController.swift */,
				0E62370D23E9554200C8F9C0 /* PeopleViewController.swift */,
				0E62370E23E9554200C8F9C0 /* DetailsViewController.swift */,
				0E62370F23E9554200C8F9C0 /* BillSplitViewController.swift */,
				0E62371023E9554200C8F9C0 /* SelectPayViewController.swift */,
			);
			path = BillSplit;
			sourceTree = "<group>";
		};
		3A89A49D8EE0D0566BE33A1C /* Frameworks */ = {
			isa = PBXGroup;
			children = (
				A7CFFF28767EFD860DA6DA28 /* Pods_Plutus.framework */,
				08F0A3AE4C82B7FE41828F61 /* Pods_Plutus_PlutusUITests.framework */,
				F73885A222FE777EAB5A0289 /* Pods_PlutusTests.framework */,
			);
			name = Frameworks;
			sourceTree = "<group>";
		};
		51170C6023E9503400396AC7 /* Saving */ = {
			isa = PBXGroup;
			children = (
				51170C6123E9503400396AC7 /* SavingInfoViewController.swift */,
				51170C6223E9503400396AC7 /* SavingHistoryViewController.swift */,
				51170C6323E9503400396AC7 /* SavingInputViewController.swift */,
				51170C6423E9503400396AC7 /* SavingPickerViewController.swift */,
				51170C6523E9503400396AC7 /* Saving.storyboard */,
				51170C6623E9503400396AC7 /* SavingSummaryViewController.swift */,
				51170C6723E9503400396AC7 /* SavingConfirmViewController.swift */,
				51170C6823E9503400396AC7 /* SavingHistory.swift */,
			);
			path = Saving;
			sourceTree = "<group>";
		};
		51170C7123E9503C00396AC7 /* Chatbot */ = {
			isa = PBXGroup;
			children = (
				51170C7223E9503C00396AC7 /* ChatbotViewController.swift */,
				51170C7323E9503C00396AC7 /* MessageUI.swift */,
				51170C7423E9503C00396AC7 /* Chatbot.storyboard */,
			);
			name = Chatbot;
			path = Plutus/Chatbot;
			sourceTree = SOURCE_ROOT;
		};
		511A79AC23A3296A000745E4 /* Fonts */ = {
			isa = PBXGroup;
			children = (
				511A79AD23A3297A000745E4 /* SignPainter HouseScript Regular.ttf */,
			);
			path = Fonts;
			sourceTree = "<group>";
		};
		514103DC238F980A006178D0 /* Main */ = {
			isa = PBXGroup;
			children = (
				5197F002238F62D2005BC7F0 /* Main.storyboard */,
				5197F031238F67CA005BC7F0 /* LoginViewController.swift */,
				5127488B239636D50006B33F /* Terms_ConditionsViewController.swift */,
				51297C362398A0B6003F913F /* OTPViewController.swift */,
				51301BCA23C3195700134ED5 /* CreateProfilePageViewController.swift */,
				511580B823A8842800F006F3 /* HomePageViewController.swift */,
				513574A523CEE37E00135886 /* topUpViewController.swift */,
				513574A723CEE8DC00135886 /* QRViewController.swift */,
				513574A923CEE8E600135886 /* NFSViewController.swift */,
				5186E44223CDB393001ED3A4 /* TransferViewController.swift */,
				5146CAAC23E3E79C002C34E5 /* ExchangeViewController.swift */,
			);
			path = Main;
			sourceTree = "<group>";
		};
		5197EFF2238F62D2005BC7F0 = {
			isa = PBXGroup;
			children = (
				5197EFFD238F62D2005BC7F0 /* Plutus */,
				514103D3238F771F006178D0 /* Plutus.app */,
				52E0344E954256A8D5EDCB98 /* Pods */,
				3A89A49D8EE0D0566BE33A1C /* Frameworks */,
				5122672B2390CA650021495D /* PlutusTests.xctest */,
				5122672C2390CA650021495D /* PlutusUITests.xctest */,
			);
			sourceTree = "<group>";
		};
		5197EFFD238F62D2005BC7F0 /* Plutus */ = {
			isa = PBXGroup;
			children = (
				0EA122BB23CF811600F79724 /* UIView+Extensions.swift */,
				0E62370223E9554200C8F9C0 /* BillSplit */,
				51170C7123E9503C00396AC7 /* Chatbot */,
				51170C6023E9503400396AC7 /* Saving */,
				0E28A8532398A73300F7DBED /* Budgeting */,
				0E28A84D2398A67400F7DBED /* CustomView.swift */,
				0E28A84E2398A67400F7DBED /* StringExtension.swift */,
				514103DC238F980A006178D0 /* Main */,
				511A79AC23A3296A000745E4 /* Fonts */,
				5197EFFE238F62D2005BC7F0 /* AppDelegate.swift */,
				5197F008238F62D3005BC7F0 /* Assets.xcassets */,
				5197F00D238F62D3005BC7F0 /* Info.plist */,
				5130FD7D23AB5DDB00C7F587 /* GoogleService-Info.plist */,
				511A79B123A32D64000745E4 /* LaunchScreen.storyboard */,
			);
			path = Plutus;
			sourceTree = "<group>";
		};
		52E0344E954256A8D5EDCB98 /* Pods */ = {
			isa = PBXGroup;
			children = (
				27D0C5F3B22A2E7139A57F12 /* Pods-Plutus.debug.xcconfig */,
				F8E2C2095EFD85406E535088 /* Pods-Plutus.release.xcconfig */,
				6408B02D8659F1BCCB737E87 /* Pods-Plutus-PlutusUITests.debug.xcconfig */,
				05451B9F22DDA319D82DA9C9 /* Pods-Plutus-PlutusUITests.release.xcconfig */,
				2955F25C7FB0F951BDC4B618 /* Pods-PlutusTests.debug.xcconfig */,
				E15075571F34BCD95B8E243D /* Pods-PlutusTests.release.xcconfig */,
			);
			path = Pods;
			sourceTree = "<group>";
		};
/* End PBXGroup section */

/* Begin PBXNativeTarget section */
		5197EFFA238F62D2005BC7F0 /* Plutus */ = {
			isa = PBXNativeTarget;
			buildConfigurationList = 5197F026238F62D3005BC7F0 /* Build configuration list for PBXNativeTarget "Plutus" */;
			buildPhases = (
				7EF68B675AB03E4356C9CE04 /* [CP] Check Pods Manifest.lock */,
				5197EFF7238F62D2005BC7F0 /* Sources */,
				5197EFF8238F62D2005BC7F0 /* Frameworks */,
				5197EFF9238F62D2005BC7F0 /* Resources */,
				1A0BDEFC514AFBF2F89E0256 /* [CP] Embed Pods Frameworks */,
				B12AE937449008FDCFE223AA /* [CP] Copy Pods Resources */,
			);
			buildRules = (
			);
			dependencies = (
			);
			name = Plutus;
			productName = Plutus;
			productReference = 514103D3238F771F006178D0 /* Plutus.app */;
			productType = "com.apple.product-type.application";
		};
		5197F011238F62D3005BC7F0 /* PlutusTests */ = {
			isa = PBXNativeTarget;
			buildConfigurationList = 5197F029238F62D3005BC7F0 /* Build configuration list for PBXNativeTarget "PlutusTests" */;
			buildPhases = (
				94E6682FFB2923881D3D7F9F /* [CP] Check Pods Manifest.lock */,
				5197F00E238F62D3005BC7F0 /* Sources */,
				5197F00F238F62D3005BC7F0 /* Frameworks */,
				5197F010238F62D3005BC7F0 /* Resources */,
			);
			buildRules = (
			);
			dependencies = (
				5197F014238F62D3005BC7F0 /* PBXTargetDependency */,
			);
			name = PlutusTests;
			productName = PlutusTests;
			productReference = 5122672B2390CA650021495D /* PlutusTests.xctest */;
			productType = "com.apple.product-type.bundle.unit-test";
		};
		5197F01C238F62D3005BC7F0 /* PlutusUITests */ = {
			isa = PBXNativeTarget;
			buildConfigurationList = 5197F02C238F62D3005BC7F0 /* Build configuration list for PBXNativeTarget "PlutusUITests" */;
			buildPhases = (
				8F7D0E1D6189622D57209BB6 /* [CP] Check Pods Manifest.lock */,
				5197F019238F62D3005BC7F0 /* Sources */,
				5197F01A238F62D3005BC7F0 /* Frameworks */,
				5197F01B238F62D3005BC7F0 /* Resources */,
				F3F63C5BD46CC1D7407B2D27 /* [CP] Embed Pods Frameworks */,
				4BC09443646CAC04106CDE3C /* [CP] Copy Pods Resources */,
			);
			buildRules = (
			);
			dependencies = (
				5197F01F238F62D3005BC7F0 /* PBXTargetDependency */,
			);
			name = PlutusUITests;
			productName = PlutusUITests;
			productReference = 5122672C2390CA650021495D /* PlutusUITests.xctest */;
			productType = "com.apple.product-type.bundle.ui-testing";
		};
/* End PBXNativeTarget section */

/* Begin PBXProject section */
		5197EFF3238F62D2005BC7F0 /* Project object */ = {
			isa = PBXProject;
			attributes = {
				LastSwiftUpdateCheck = 1030;
				LastUpgradeCheck = 1030;
				ORGANIZATIONNAME = NYP;
				TargetAttributes = {
					5197EFFA238F62D2005BC7F0 = {
						CreatedOnToolsVersion = 10.3;
						LastSwiftMigration = 1030;
					};
					5197F011238F62D3005BC7F0 = {
						CreatedOnToolsVersion = 10.3;
					};
					5197F01C238F62D3005BC7F0 = {
						CreatedOnToolsVersion = 10.3;
					};
				};
			};
			buildConfigurationList = 5197EFF6238F62D2005BC7F0 /* Build configuration list for PBXProject "Plutus" */;
			compatibilityVersion = "Xcode 9.3";
			developmentRegion = en;
			hasScannedForEncodings = 0;
			knownRegions = (
				en,
				Base,
			);
			mainGroup = 5197EFF2238F62D2005BC7F0;
			productRefGroup = 5197EFF2238F62D2005BC7F0;
			projectDirPath = "";
			projectRoot = "";
			targets = (
				5197EFFA238F62D2005BC7F0 /* Plutus */,
				5197F011238F62D3005BC7F0 /* PlutusTests */,
				5197F01C238F62D3005BC7F0 /* PlutusUITests */,
			);
		};
/* End PBXProject section */

/* Begin PBXResourcesBuildPhase section */
		5197EFF9238F62D2005BC7F0 /* Resources */ = {
			isa = PBXResourcesBuildPhase;
			buildActionMask = 2147483647;
			files = (
				51170C6D23E9503500396AC7 /* Saving.storyboard in Resources */,
				5197F009238F62D3005BC7F0 /* Assets.xcassets in Resources */,
				5197F004238F62D2005BC7F0 /* Main.storyboard in Resources */,
				511A79AE23A3297A000745E4 /* SignPainter HouseScript Regular.ttf in Resources */,
				511A79B223A32D64000745E4 /* LaunchScreen.storyboard in Resources */,
				0E28A8602398A7B700F7DBED /* Budget.storyboard in Resources */,
				0E62371523E9554200C8F9C0 /* BillSplitView.xib in Resources */,
				51170C7723E9503C00396AC7 /* Chatbot.storyboard in Resources */,
				0E62371323E9554200C8F9C0 /* BillSplit.storyboard in Resources */,
				5130FD7E23AB5DDB00C7F587 /* GoogleService-Info.plist in Resources */,
			);
			runOnlyForDeploymentPostprocessing = 0;
		};
		5197F010238F62D3005BC7F0 /* Resources */ = {
			isa = PBXResourcesBuildPhase;
			buildActionMask = 2147483647;
			files = (
			);
			runOnlyForDeploymentPostprocessing = 0;
		};
		5197F01B238F62D3005BC7F0 /* Resources */ = {
			isa = PBXResourcesBuildPhase;
			buildActionMask = 2147483647;
			files = (
			);
			runOnlyForDeploymentPostprocessing = 0;
		};
/* End PBXResourcesBuildPhase section */

/* Begin PBXShellScriptBuildPhase section */
		1A0BDEFC514AFBF2F89E0256 /* [CP] Embed Pods Frameworks */ = {
			isa = PBXShellScriptBuildPhase;
			buildActionMask = 2147483647;
			files = (
			);
			inputFileListPaths = (
				"${PODS_ROOT}/Target Support Files/Pods-Plutus/Pods-Plutus-frameworks-${CONFIGURATION}-input-files.xcfilelist",
			);
			name = "[CP] Embed Pods Frameworks";
			outputFileListPaths = (
				"${PODS_ROOT}/Target Support Files/Pods-Plutus/Pods-Plutus-frameworks-${CONFIGURATION}-output-files.xcfilelist",
			);
			runOnlyForDeploymentPostprocessing = 0;
			shellPath = /bin/sh;
			shellScript = "\"${PODS_ROOT}/Target Support Files/Pods-Plutus/Pods-Plutus-frameworks.sh\"\n";
			showEnvVarsInLog = 0;
		};
		4BC09443646CAC04106CDE3C /* [CP] Copy Pods Resources */ = {
			isa = PBXShellScriptBuildPhase;
			buildActionMask = 2147483647;
			files = (
			);
			inputFileListPaths = (
				"${PODS_ROOT}/Target Support Files/Pods-Plutus-PlutusUITests/Pods-Plutus-PlutusUITests-resources-${CONFIGURATION}-input-files.xcfilelist",
			);
			name = "[CP] Copy Pods Resources";
			outputFileListPaths = (
				"${PODS_ROOT}/Target Support Files/Pods-Plutus-PlutusUITests/Pods-Plutus-PlutusUITests-resources-${CONFIGURATION}-output-files.xcfilelist",
			);
			runOnlyForDeploymentPostprocessing = 0;
			shellPath = /bin/sh;
			shellScript = "\"${PODS_ROOT}/Target Support Files/Pods-Plutus-PlutusUITests/Pods-Plutus-PlutusUITests-resources.sh\"\n";
			showEnvVarsInLog = 0;
		};
		7EF68B675AB03E4356C9CE04 /* [CP] Check Pods Manifest.lock */ = {
			isa = PBXShellScriptBuildPhase;
			buildActionMask = 2147483647;
			files = (
			);
			inputFileListPaths = (
			);
			inputPaths = (
				"${PODS_PODFILE_DIR_PATH}/Podfile.lock",
				"${PODS_ROOT}/Manifest.lock",
			);
			name = "[CP] Check Pods Manifest.lock";
			outputFileListPaths = (
			);
			outputPaths = (
				"$(DERIVED_FILE_DIR)/Pods-Plutus-checkManifestLockResult.txt",
			);
			runOnlyForDeploymentPostprocessing = 0;
			shellPath = /bin/sh;
			shellScript = "diff \"${PODS_PODFILE_DIR_PATH}/Podfile.lock\" \"${PODS_ROOT}/Manifest.lock\" > /dev/null\nif [ $? != 0 ] ; then\n    # print error to STDERR\n    echo \"error: The sandbox is not in sync with the Podfile.lock. Run 'pod install' or update your CocoaPods installation.\" >&2\n    exit 1\nfi\n# This output is used by Xcode 'outputs' to avoid re-running this script phase.\necho \"SUCCESS\" > \"${SCRIPT_OUTPUT_FILE_0}\"\n";
			showEnvVarsInLog = 0;
		};
		8F7D0E1D6189622D57209BB6 /* [CP] Check Pods Manifest.lock */ = {
			isa = PBXShellScriptBuildPhase;
			buildActionMask = 2147483647;
			files = (
			);
			inputFileListPaths = (
			);
			inputPaths = (
				"${PODS_PODFILE_DIR_PATH}/Podfile.lock",
				"${PODS_ROOT}/Manifest.lock",
			);
			name = "[CP] Check Pods Manifest.lock";
			outputFileListPaths = (
			);
			outputPaths = (
				"$(DERIVED_FILE_DIR)/Pods-Plutus-PlutusUITests-checkManifestLockResult.txt",
			);
			runOnlyForDeploymentPostprocessing = 0;
			shellPath = /bin/sh;
			shellScript = "diff \"${PODS_PODFILE_DIR_PATH}/Podfile.lock\" \"${PODS_ROOT}/Manifest.lock\" > /dev/null\nif [ $? != 0 ] ; then\n    # print error to STDERR\n    echo \"error: The sandbox is not in sync with the Podfile.lock. Run 'pod install' or update your CocoaPods installation.\" >&2\n    exit 1\nfi\n# This output is used by Xcode 'outputs' to avoid re-running this script phase.\necho \"SUCCESS\" > \"${SCRIPT_OUTPUT_FILE_0}\"\n";
			showEnvVarsInLog = 0;
		};
		94E6682FFB2923881D3D7F9F /* [CP] Check Pods Manifest.lock */ = {
			isa = PBXShellScriptBuildPhase;
			buildActionMask = 2147483647;
			files = (
			);
			inputFileListPaths = (
			);
			inputPaths = (
				"${PODS_PODFILE_DIR_PATH}/Podfile.lock",
				"${PODS_ROOT}/Manifest.lock",
			);
			name = "[CP] Check Pods Manifest.lock";
			outputFileListPaths = (
			);
			outputPaths = (
				"$(DERIVED_FILE_DIR)/Pods-PlutusTests-checkManifestLockResult.txt",
			);
			runOnlyForDeploymentPostprocessing = 0;
			shellPath = /bin/sh;
			shellScript = "diff \"${PODS_PODFILE_DIR_PATH}/Podfile.lock\" \"${PODS_ROOT}/Manifest.lock\" > /dev/null\nif [ $? != 0 ] ; then\n    # print error to STDERR\n    echo \"error: The sandbox is not in sync with the Podfile.lock. Run 'pod install' or update your CocoaPods installation.\" >&2\n    exit 1\nfi\n# This output is used by Xcode 'outputs' to avoid re-running this script phase.\necho \"SUCCESS\" > \"${SCRIPT_OUTPUT_FILE_0}\"\n";
			showEnvVarsInLog = 0;
		};
		B12AE937449008FDCFE223AA /* [CP] Copy Pods Resources */ = {
			isa = PBXShellScriptBuildPhase;
			buildActionMask = 2147483647;
			files = (
			);
			inputFileListPaths = (
				"${PODS_ROOT}/Target Support Files/Pods-Plutus/Pods-Plutus-resources-${CONFIGURATION}-input-files.xcfilelist",
			);
			name = "[CP] Copy Pods Resources";
			outputFileListPaths = (
				"${PODS_ROOT}/Target Support Files/Pods-Plutus/Pods-Plutus-resources-${CONFIGURATION}-output-files.xcfilelist",
			);
			runOnlyForDeploymentPostprocessing = 0;
			shellPath = /bin/sh;
			shellScript = "\"${PODS_ROOT}/Target Support Files/Pods-Plutus/Pods-Plutus-resources.sh\"\n";
			showEnvVarsInLog = 0;
		};
		F3F63C5BD46CC1D7407B2D27 /* [CP] Embed Pods Frameworks */ = {
			isa = PBXShellScriptBuildPhase;
			buildActionMask = 2147483647;
			files = (
			);
			inputFileListPaths = (
				"${PODS_ROOT}/Target Support Files/Pods-Plutus-PlutusUITests/Pods-Plutus-PlutusUITests-frameworks-${CONFIGURATION}-input-files.xcfilelist",
			);
			name = "[CP] Embed Pods Frameworks";
			outputFileListPaths = (
				"${PODS_ROOT}/Target Support Files/Pods-Plutus-PlutusUITests/Pods-Plutus-PlutusUITests-frameworks-${CONFIGURATION}-output-files.xcfilelist",
			);
			runOnlyForDeploymentPostprocessing = 0;
			shellPath = /bin/sh;
			shellScript = "\"${PODS_ROOT}/Target Support Files/Pods-Plutus-PlutusUITests/Pods-Plutus-PlutusUITests-frameworks.sh\"\n";
			showEnvVarsInLog = 0;
		};
/* End PBXShellScriptBuildPhase section */

/* Begin PBXSourcesBuildPhase section */
		5197EFF7238F62D2005BC7F0 /* Sources */ = {
			isa = PBXSourcesBuildPhase;
			buildActionMask = 2147483647;
			files = (
				0EA122BC23CF811600F79724 /* UIView+Extensions.swift in Sources */,
				0E62371123E9554200C8F9C0 /* BillViewController.swift in Sources */,
				0E28A8502398A67400F7DBED /* CustomView.swift in Sources */,
				0E62371223E9554200C8F9C0 /* ItemCellTableViewCell.swift in Sources */,
				51170C6E23E9503500396AC7 /* SavingSummaryViewController.swift in Sources */,
				0E62371B23E9554200C8F9C0 /* PeopleViewController.swift in Sources */,
				51170C6F23E9503500396AC7 /* SavingConfirmViewController.swift in Sources */,
				51301BCB23C3195700134ED5 /* CreateProfilePageViewController.swift in Sources */,
				0E62371C23E9554200C8F9C0 /* DetailsViewController.swift in Sources */,
				51170C6A23E9503500396AC7 /* SavingHistoryViewController.swift in Sources */,
				0E62371823E9554200C8F9C0 /* ProductCellTableViewCell.swift in Sources */,
				513574AA23CEE8E600135886 /* NFSViewController.swift in Sources */,
				0E62371D23E9554200C8F9C0 /* BillSplitViewController.swift in Sources */,
				0E28A85F2398A7B700F7DBED /* BudgetMainViewController.swift in Sources */,
				0E62371A23E9554200C8F9C0 /* BillProductsViewController.swift in Sources */,
				0E62371623E9554200C8F9C0 /* BillTextViewController.swift in Sources */,
				513574A623CEE37E00135886 /* topUpViewController.swift in Sources */,
				5186E44323CDB393001ED3A4 /* TransferViewController.swift in Sources */,
				51297C372398A0B6003F913F /* OTPViewController.swift in Sources */,
				0E28A8512398A67400F7DBED /* StringExtension.swift in Sources */,
				5197F032238F67CA005BC7F0 /* LoginViewController.swift in Sources */,
				51170C6B23E9503500396AC7 /* SavingInputViewController.swift in Sources */,
				51170C6C23E9503500396AC7 /* SavingPickerViewController.swift in Sources */,
				0E62371923E9554200C8F9C0 /* Line.swift in Sources */,
				51170C6923E9503500396AC7 /* SavingInfoViewController.swift in Sources */,
				51170C7023E9503500396AC7 /* SavingHistory.swift in Sources */,
				5197EFFF238F62D2005BC7F0 /* AppDelegate.swift in Sources */,
				51170C7523E9503C00396AC7 /* ChatbotViewController.swift in Sources */,
				0E28A8612398A7B700F7DBED /* CustomProgressView.swift in Sources */,
				5183AE5F23D0236A00B045EA /* Expense.swift in Sources */,
				0E62371723E9554200C8F9C0 /* ContactsTableViewCell.swift in Sources */,
				51170C7623E9503C00396AC7 /* MessageUI.swift in Sources */,
				0E62371E23E9554200C8F9C0 /* SelectPayViewController.swift in Sources */,
				5146CAAD23E3E79C002C34E5 /* ExchangeViewController.swift in Sources */,
				0EA122B623CF7FF200F79724 /* AddExpViewController.swift in Sources */,
				0EA122B523CF7FF200F79724 /* ViewExpViewController.swift in Sources */,
				511580B923A8842800F006F3 /* HomePageViewController.swift in Sources */,
				5127488C239636D50006B33F /* Terms_ConditionsViewController.swift in Sources */,
				0E62371423E9554200C8F9C0 /* ContactsViewController.swift in Sources */,
			);
			runOnlyForDeploymentPostprocessing = 0;
		};
		5197F00E238F62D3005BC7F0 /* Sources */ = {
			isa = PBXSourcesBuildPhase;
			buildActionMask = 2147483647;
			files = (
			);
			runOnlyForDeploymentPostprocessing = 0;
		};
		5197F019238F62D3005BC7F0 /* Sources */ = {
			isa = PBXSourcesBuildPhase;
			buildActionMask = 2147483647;
			files = (
			);
			runOnlyForDeploymentPostprocessing = 0;
		};
/* End PBXSourcesBuildPhase section */

/* Begin PBXTargetDependency section */
		5197F014238F62D3005BC7F0 /* PBXTargetDependency */ = {
			isa = PBXTargetDependency;
			target = 5197EFFA238F62D2005BC7F0 /* Plutus */;
			targetProxy = 5197F013238F62D3005BC7F0 /* PBXContainerItemProxy */;
		};
		5197F01F238F62D3005BC7F0 /* PBXTargetDependency */ = {
			isa = PBXTargetDependency;
			target = 5197EFFA238F62D2005BC7F0 /* Plutus */;
			targetProxy = 5197F01E238F62D3005BC7F0 /* PBXContainerItemProxy */;
		};
/* End PBXTargetDependency section */

/* Begin PBXVariantGroup section */
		5197F002238F62D2005BC7F0 /* Main.storyboard */ = {
			isa = PBXVariantGroup;
			children = (
				5197F003238F62D2005BC7F0 /* Base */,
			);
			name = Main.storyboard;
			sourceTree = "<group>";
		};
/* End PBXVariantGroup section */

/* Begin XCBuildConfiguration section */
		5197F024238F62D3005BC7F0 /* Debug */ = {
			isa = XCBuildConfiguration;
			buildSettings = {
				ALWAYS_SEARCH_USER_PATHS = NO;
				CLANG_ANALYZER_NONNULL = YES;
				CLANG_ANALYZER_NUMBER_OBJECT_CONVERSION = YES_AGGRESSIVE;
				CLANG_CXX_LANGUAGE_STANDARD = "gnu++14";
				CLANG_CXX_LIBRARY = "libc++";
				CLANG_ENABLE_MODULES = YES;
				CLANG_ENABLE_OBJC_ARC = YES;
				CLANG_ENABLE_OBJC_WEAK = YES;
				CLANG_WARN_BLOCK_CAPTURE_AUTORELEASING = YES;
				CLANG_WARN_BOOL_CONVERSION = YES;
				CLANG_WARN_COMMA = YES;
				CLANG_WARN_CONSTANT_CONVERSION = YES;
				CLANG_WARN_DEPRECATED_OBJC_IMPLEMENTATIONS = YES;
				CLANG_WARN_DIRECT_OBJC_ISA_USAGE = YES_ERROR;
				CLANG_WARN_DOCUMENTATION_COMMENTS = YES;
				CLANG_WARN_EMPTY_BODY = YES;
				CLANG_WARN_ENUM_CONVERSION = YES;
				CLANG_WARN_INFINITE_RECURSION = YES;
				CLANG_WARN_INT_CONVERSION = YES;
				CLANG_WARN_NON_LITERAL_NULL_CONVERSION = YES;
				CLANG_WARN_OBJC_IMPLICIT_RETAIN_SELF = YES;
				CLANG_WARN_OBJC_LITERAL_CONVERSION = YES;
				CLANG_WARN_OBJC_ROOT_CLASS = YES_ERROR;
				CLANG_WARN_RANGE_LOOP_ANALYSIS = YES;
				CLANG_WARN_STRICT_PROTOTYPES = YES;
				CLANG_WARN_SUSPICIOUS_MOVE = YES;
				CLANG_WARN_UNGUARDED_AVAILABILITY = YES_AGGRESSIVE;
				CLANG_WARN_UNREACHABLE_CODE = YES;
				CLANG_WARN__DUPLICATE_METHOD_MATCH = YES;
				CODE_SIGN_IDENTITY = "iPhone Developer";
				COPY_PHASE_STRIP = NO;
				DEBUG_INFORMATION_FORMAT = dwarf;
				ENABLE_STRICT_OBJC_MSGSEND = YES;
				ENABLE_TESTABILITY = YES;
				GCC_C_LANGUAGE_STANDARD = gnu11;
				GCC_DYNAMIC_NO_PIC = NO;
				GCC_NO_COMMON_BLOCKS = YES;
				GCC_OPTIMIZATION_LEVEL = 0;
				GCC_PREPROCESSOR_DEFINITIONS = (
					"DEBUG=1",
					"$(inherited)",
				);
				GCC_WARN_64_TO_32_BIT_CONVERSION = YES;
				GCC_WARN_ABOUT_RETURN_TYPE = YES_ERROR;
				GCC_WARN_UNDECLARED_SELECTOR = YES;
				GCC_WARN_UNINITIALIZED_AUTOS = YES_AGGRESSIVE;
				GCC_WARN_UNUSED_FUNCTION = YES;
				GCC_WARN_UNUSED_VARIABLE = YES;
				IPHONEOS_DEPLOYMENT_TARGET = 12.4;
				MTL_ENABLE_DEBUG_INFO = INCLUDE_SOURCE;
				MTL_FAST_MATH = YES;
				ONLY_ACTIVE_ARCH = YES;
				SDKROOT = iphoneos;
				SWIFT_ACTIVE_COMPILATION_CONDITIONS = DEBUG;
				SWIFT_OPTIMIZATION_LEVEL = "-Onone";
			};
			name = Debug;
		};
		5197F025238F62D3005BC7F0 /* Release */ = {
			isa = XCBuildConfiguration;
			buildSettings = {
				ALWAYS_SEARCH_USER_PATHS = NO;
				CLANG_ANALYZER_NONNULL = YES;
				CLANG_ANALYZER_NUMBER_OBJECT_CONVERSION = YES_AGGRESSIVE;
				CLANG_CXX_LANGUAGE_STANDARD = "gnu++14";
				CLANG_CXX_LIBRARY = "libc++";
				CLANG_ENABLE_MODULES = YES;
				CLANG_ENABLE_OBJC_ARC = YES;
				CLANG_ENABLE_OBJC_WEAK = YES;
				CLANG_WARN_BLOCK_CAPTURE_AUTORELEASING = YES;
				CLANG_WARN_BOOL_CONVERSION = YES;
				CLANG_WARN_COMMA = YES;
				CLANG_WARN_CONSTANT_CONVERSION = YES;
				CLANG_WARN_DEPRECATED_OBJC_IMPLEMENTATIONS = YES;
				CLANG_WARN_DIRECT_OBJC_ISA_USAGE = YES_ERROR;
				CLANG_WARN_DOCUMENTATION_COMMENTS = YES;
				CLANG_WARN_EMPTY_BODY = YES;
				CLANG_WARN_ENUM_CONVERSION = YES;
				CLANG_WARN_INFINITE_RECURSION = YES;
				CLANG_WARN_INT_CONVERSION = YES;
				CLANG_WARN_NON_LITERAL_NULL_CONVERSION = YES;
				CLANG_WARN_OBJC_IMPLICIT_RETAIN_SELF = YES;
				CLANG_WARN_OBJC_LITERAL_CONVERSION = YES;
				CLANG_WARN_OBJC_ROOT_CLASS = YES_ERROR;
				CLANG_WARN_RANGE_LOOP_ANALYSIS = YES;
				CLANG_WARN_STRICT_PROTOTYPES = YES;
				CLANG_WARN_SUSPICIOUS_MOVE = YES;
				CLANG_WARN_UNGUARDED_AVAILABILITY = YES_AGGRESSIVE;
				CLANG_WARN_UNREACHABLE_CODE = YES;
				CLANG_WARN__DUPLICATE_METHOD_MATCH = YES;
				CODE_SIGN_IDENTITY = "iPhone Developer";
				COPY_PHASE_STRIP = NO;
				DEBUG_INFORMATION_FORMAT = "dwarf-with-dsym";
				ENABLE_NS_ASSERTIONS = NO;
				ENABLE_STRICT_OBJC_MSGSEND = YES;
				GCC_C_LANGUAGE_STANDARD = gnu11;
				GCC_NO_COMMON_BLOCKS = YES;
				GCC_WARN_64_TO_32_BIT_CONVERSION = YES;
				GCC_WARN_ABOUT_RETURN_TYPE = YES_ERROR;
				GCC_WARN_UNDECLARED_SELECTOR = YES;
				GCC_WARN_UNINITIALIZED_AUTOS = YES_AGGRESSIVE;
				GCC_WARN_UNUSED_FUNCTION = YES;
				GCC_WARN_UNUSED_VARIABLE = YES;
				IPHONEOS_DEPLOYMENT_TARGET = 12.4;
				MTL_ENABLE_DEBUG_INFO = NO;
				MTL_FAST_MATH = YES;
				SDKROOT = iphoneos;
				SWIFT_COMPILATION_MODE = wholemodule;
				SWIFT_OPTIMIZATION_LEVEL = "-O";
				VALIDATE_PRODUCT = YES;
			};
			name = Release;
		};
		5197F027238F62D3005BC7F0 /* Debug */ = {
			isa = XCBuildConfiguration;
			baseConfigurationReference = 27D0C5F3B22A2E7139A57F12 /* Pods-Plutus.debug.xcconfig */;
			buildSettings = {
				ASSETCATALOG_COMPILER_APPICON_NAME = AppIcon;
				CLANG_ENABLE_MODULES = YES;
				CODE_SIGN_STYLE = Automatic;
				INFOPLIST_FILE = Plutus/Info.plist;
				LD_RUNPATH_SEARCH_PATHS = (
					"$(inherited)",
					"@executable_path/Frameworks",
				);
				PRODUCT_BUNDLE_IDENTIFIER = com.nyp.plutus;
				PRODUCT_NAME = "$(TARGET_NAME)";
				SWIFT_OBJC_BRIDGING_HEADER = "Plutus/Main/Plutus-Bridging-Header.h";
				SWIFT_OPTIMIZATION_LEVEL = "-Onone";
				SWIFT_VERSION = 4.2;
				TARGETED_DEVICE_FAMILY = "1,2";
			};
			name = Debug;
		};
		5197F028238F62D3005BC7F0 /* Release */ = {
			isa = XCBuildConfiguration;
			baseConfigurationReference = F8E2C2095EFD85406E535088 /* Pods-Plutus.release.xcconfig */;
			buildSettings = {
				ASSETCATALOG_COMPILER_APPICON_NAME = AppIcon;
				CLANG_ENABLE_MODULES = YES;
				CODE_SIGN_STYLE = Automatic;
				INFOPLIST_FILE = Plutus/Info.plist;
				LD_RUNPATH_SEARCH_PATHS = (
					"$(inherited)",
					"@executable_path/Frameworks",
				);
				PRODUCT_BUNDLE_IDENTIFIER = com.nyp.plutus;
				PRODUCT_NAME = "$(TARGET_NAME)";
				SWIFT_OBJC_BRIDGING_HEADER = "Plutus/Main/Plutus-Bridging-Header.h";
				SWIFT_VERSION = 4.2;
				TARGETED_DEVICE_FAMILY = "1,2";
			};
			name = Release;
		};
		5197F02A238F62D3005BC7F0 /* Debug */ = {
			isa = XCBuildConfiguration;
			baseConfigurationReference = 2955F25C7FB0F951BDC4B618 /* Pods-PlutusTests.debug.xcconfig */;
			buildSettings = {
				ALWAYS_EMBED_SWIFT_STANDARD_LIBRARIES = YES;
				CODE_SIGN_STYLE = Automatic;
				INFOPLIST_FILE = PlutusTests/Info.plist;
				LD_RUNPATH_SEARCH_PATHS = (
					"$(inherited)",
					"@executable_path/Frameworks",
					"@loader_path/Frameworks",
				);
				PRODUCT_BUNDLE_IDENTIFIER = com.171723R.PlutusTests;
				PRODUCT_NAME = "$(TARGET_NAME)";
				SWIFT_VERSION = 5.0;
				TARGETED_DEVICE_FAMILY = "1,2";
			};
			name = Debug;
		};
		5197F02B238F62D3005BC7F0 /* Release */ = {
			isa = XCBuildConfiguration;
			baseConfigurationReference = E15075571F34BCD95B8E243D /* Pods-PlutusTests.release.xcconfig */;
			buildSettings = {
				ALWAYS_EMBED_SWIFT_STANDARD_LIBRARIES = YES;
				CODE_SIGN_STYLE = Automatic;
				INFOPLIST_FILE = PlutusTests/Info.plist;
				LD_RUNPATH_SEARCH_PATHS = (
					"$(inherited)",
					"@executable_path/Frameworks",
					"@loader_path/Frameworks",
				);
				PRODUCT_BUNDLE_IDENTIFIER = com.171723R.PlutusTests;
				PRODUCT_NAME = "$(TARGET_NAME)";
				SWIFT_VERSION = 5.0;
				TARGETED_DEVICE_FAMILY = "1,2";
			};
			name = Release;
		};
		5197F02D238F62D3005BC7F0 /* Debug */ = {
			isa = XCBuildConfiguration;
			baseConfigurationReference = 6408B02D8659F1BCCB737E87 /* Pods-Plutus-PlutusUITests.debug.xcconfig */;
			buildSettings = {
				ALWAYS_EMBED_SWIFT_STANDARD_LIBRARIES = YES;
				CODE_SIGN_IDENTITY = "iPhone Developer";
				CODE_SIGN_STYLE = Automatic;
				DEVELOPMENT_TEAM = "";
				INFOPLIST_FILE = PlutusUITests/Info.plist;
				LD_RUNPATH_SEARCH_PATHS = (
					"$(inherited)",
					"@executable_path/Frameworks",
					"@loader_path/Frameworks",
				);
				PRODUCT_BUNDLE_IDENTIFIER = com.171723R.PlutusUITests;
				PRODUCT_NAME = "$(TARGET_NAME)";
				PROVISIONING_PROFILE = "";
				PROVISIONING_PROFILE_SPECIFIER = "";
				SWIFT_VERSION = 5.0;
				TARGETED_DEVICE_FAMILY = "1,2";
			};
			name = Debug;
		};
		5197F02E238F62D3005BC7F0 /* Release */ = {
			isa = XCBuildConfiguration;
			baseConfigurationReference = 05451B9F22DDA319D82DA9C9 /* Pods-Plutus-PlutusUITests.release.xcconfig */;
			buildSettings = {
				ALWAYS_EMBED_SWIFT_STANDARD_LIBRARIES = YES;
				CODE_SIGN_IDENTITY = "iPhone Developer";
				CODE_SIGN_STYLE = Automatic;
				DEVELOPMENT_TEAM = "";
				INFOPLIST_FILE = PlutusUITests/Info.plist;
				LD_RUNPATH_SEARCH_PATHS = (
					"$(inherited)",
					"@executable_path/Frameworks",
					"@loader_path/Frameworks",
				);
				PRODUCT_BUNDLE_IDENTIFIER = com.171723R.PlutusUITests;
				PRODUCT_NAME = "$(TARGET_NAME)";
				PROVISIONING_PROFILE = "";
				PROVISIONING_PROFILE_SPECIFIER = "";
				SWIFT_VERSION = 5.0;
				TARGETED_DEVICE_FAMILY = "1,2";
			};
			name = Release;
		};
/* End XCBuildConfiguration section */

/* Begin XCConfigurationList section */
		5197EFF6238F62D2005BC7F0 /* Build configuration list for PBXProject "Plutus" */ = {
			isa = XCConfigurationList;
			buildConfigurations = (
				5197F024238F62D3005BC7F0 /* Debug */,
				5197F025238F62D3005BC7F0 /* Release */,
			);
			defaultConfigurationIsVisible = 0;
			defaultConfigurationName = Release;
		};
		5197F026238F62D3005BC7F0 /* Build configuration list for PBXNativeTarget "Plutus" */ = {
			isa = XCConfigurationList;
			buildConfigurations = (
				5197F027238F62D3005BC7F0 /* Debug */,
				5197F028238F62D3005BC7F0 /* Release */,
			);
			defaultConfigurationIsVisible = 0;
			defaultConfigurationName = Release;
		};
		5197F029238F62D3005BC7F0 /* Build configuration list for PBXNativeTarget "PlutusTests" */ = {
			isa = XCConfigurationList;
			buildConfigurations = (
				5197F02A238F62D3005BC7F0 /* Debug */,
				5197F02B238F62D3005BC7F0 /* Release */,
			);
			defaultConfigurationIsVisible = 0;
			defaultConfigurationName = Release;
		};
		5197F02C238F62D3005BC7F0 /* Build configuration list for PBXNativeTarget "PlutusUITests" */ = {
			isa = XCConfigurationList;
			buildConfigurations = (
				5197F02D238F62D3005BC7F0 /* Debug */,
				5197F02E238F62D3005BC7F0 /* Release */,
			);
			defaultConfigurationIsVisible = 0;
			defaultConfigurationName = Release;
		};
/* End XCConfigurationList section */
	};
	rootObject = 5197EFF3238F62D2005BC7F0 /* Project object */;
}
